// !$*UTF8*$!
{
	archiveVersion = 1;
	classes = {
	};
	objectVersion = 56;
	objects = {

/* Begin PBXBuildFile section */
		37C4BF062A1D3E86006FBFF6 /* SF-Pro-Text-Bold.ttf in Resources */ = {isa = PBXBuildFile; fileRef = 37C4BF052A1D3E86006FBFF6 /* SF-Pro-Text-Bold.ttf */; };
		3E6CF47A2A14F43500DC3B2B /* BaseViewController.swift in Sources */ = {isa = PBXBuildFile; fileRef = 3E6CF4792A14F43500DC3B2B /* BaseViewController.swift */; };
		3E6CF47C2A14F63700DC3B2B /* BaseTableViewCell.swift in Sources */ = {isa = PBXBuildFile; fileRef = 3E6CF47B2A14F63700DC3B2B /* BaseTableViewCell.swift */; };
		3E6CF47E2A14F84500DC3B2B /* BaseCollectionViewCell.swift in Sources */ = {isa = PBXBuildFile; fileRef = 3E6CF47D2A14F84500DC3B2B /* BaseCollectionViewCell.swift */; };
		3E6FFF5D2A1BBC1100166DCE /* StoryContentViewController.swift in Sources */ = {isa = PBXBuildFile; fileRef = 3E6FFF5C2A1BBC1100166DCE /* StoryContentViewController.swift */; };
		3E6FFF5F2A1BC43700166DCE /* CommonButton.swift in Sources */ = {isa = PBXBuildFile; fileRef = 3E6FFF5E2A1BC43700166DCE /* CommonButton.swift */; };
		3E6FFF612A1BC8A600166DCE /* UITextField+.swift in Sources */ = {isa = PBXBuildFile; fileRef = 3E6FFF602A1BC8A600166DCE /* UITextField+.swift */; };
		3E6FFF632A1C5FA700166DCE /* StoryPageViewController.swift in Sources */ = {isa = PBXBuildFile; fileRef = 3E6FFF622A1C5FA700166DCE /* StoryPageViewController.swift */; };
		3E6FFF672A1D93F400166DCE /* Story.swift in Sources */ = {isa = PBXBuildFile; fileRef = 3E6FFF662A1D93F400166DCE /* Story.swift */; };
		3E6FFF692A1D94A200166DCE /* UserWithStory.swift in Sources */ = {isa = PBXBuildFile; fileRef = 3E6FFF682A1D94A200166DCE /* UserWithStory.swift */; };
		3E9683D02A1617A800D6DD30 /* Alamofire in Frameworks */ = {isa = PBXBuildFile; productRef = 3E9683CF2A1617A800D6DD30 /* Alamofire */; };
		3E9683D32A1617C800D6DD30 /* SnapKit in Frameworks */ = {isa = PBXBuildFile; productRef = 3E9683D22A1617C800D6DD30 /* SnapKit */; };
		3E9683D62A16180800D6DD30 /* Kingfisher in Frameworks */ = {isa = PBXBuildFile; productRef = 3E9683D52A16180800D6DD30 /* Kingfisher */; };
		3E9683D82A162F5200D6DD30 /* AppleSDGothicNeoB.ttf in Resources */ = {isa = PBXBuildFile; fileRef = 3E9683D72A162F5200D6DD30 /* AppleSDGothicNeoB.ttf */; };
		3E9683DA2A162F6400D6DD30 /* AppleSDGothicNeoM.ttf in Resources */ = {isa = PBXBuildFile; fileRef = 3E9683D92A162F6400D6DD30 /* AppleSDGothicNeoM.ttf */; };
		3E9683DC2A162F8E00D6DD30 /* AppleSDGothicNeoSB.ttf in Resources */ = {isa = PBXBuildFile; fileRef = 3E9683DB2A162F8E00D6DD30 /* AppleSDGothicNeoSB.ttf */; };
		3E9683E02A16302B00D6DD30 /* SF-Pro-Text-Semibold.otf in Resources */ = {isa = PBXBuildFile; fileRef = 3E9683DD2A16302B00D6DD30 /* SF-Pro-Text-Semibold.otf */; };
		3E9683E12A16302B00D6DD30 /* SF-Pro-Text-Medium.otf in Resources */ = {isa = PBXBuildFile; fileRef = 3E9683DE2A16302B00D6DD30 /* SF-Pro-Text-Medium.otf */; };
		3E9683E22A16302B00D6DD30 /* SF-Pro-Text-Regular.otf in Resources */ = {isa = PBXBuildFile; fileRef = 3E9683DF2A16302B00D6DD30 /* SF-Pro-Text-Regular.otf */; };
		3E9683E42A16319A00D6DD30 /* UIColor+.swift in Sources */ = {isa = PBXBuildFile; fileRef = 3E9683E32A16319A00D6DD30 /* UIColor+.swift */; };
		3E9683E62A16392900D6DD30 /* ImageLiteral.swift in Sources */ = {isa = PBXBuildFile; fileRef = 3E9683E52A16392900D6DD30 /* ImageLiteral.swift */; };
		3E9683E82A16456500D6DD30 /* UIFont+.swift in Sources */ = {isa = PBXBuildFile; fileRef = 3E9683E72A16456500D6DD30 /* UIFont+.swift */; };
		3E9683EC2A1654CF00D6DD30 /* UIViewController+.swift in Sources */ = {isa = PBXBuildFile; fileRef = 3E9683EB2A1654CF00D6DD30 /* UIViewController+.swift */; };
		3E9683EE2A16562700D6DD30 /* UIView+.swift in Sources */ = {isa = PBXBuildFile; fileRef = 3E9683ED2A16562700D6DD30 /* UIView+.swift */; };
		3E9683F02A1656A800D6DD30 /* SizeLiteral.swift in Sources */ = {isa = PBXBuildFile; fileRef = 3E9683EF2A1656A800D6DD30 /* SizeLiteral.swift */; };
		3EEE765F2A1678E800D0B80E /* UserProfileView.swift in Sources */ = {isa = PBXBuildFile; fileRef = 3EEE765E2A1678E800D0B80E /* UserProfileView.swift */; };
		3EEE76612A1757D400D0B80E /* NewPostViewController.swift in Sources */ = {isa = PBXBuildFile; fileRef = 3EEE76602A1757D400D0B80E /* NewPostViewController.swift */; };
		3EEE76632A175ECD00D0B80E /* BottomMenuContentView.swift in Sources */ = {isa = PBXBuildFile; fileRef = 3EEE76622A175ECD00D0B80E /* BottomMenuContentView.swift */; };
		3EEE76682A176C9100D0B80E /* NewPostImageCollectionViewCell.swift in Sources */ = {isa = PBXBuildFile; fileRef = 3EEE76672A176C9100D0B80E /* NewPostImageCollectionViewCell.swift */; };
		3EEE766A2A17A2B900D0B80E /* BackButton.swift in Sources */ = {isa = PBXBuildFile; fileRef = 3EEE76692A17A2B900D0B80E /* BackButton.swift */; };
		3EEE766F2A17B5D800D0B80E /* CollectionViewAddCellButton.swift in Sources */ = {isa = PBXBuildFile; fileRef = 3EEE766E2A17B5D800D0B80E /* CollectionViewAddCellButton.swift */; };
		7E8DF56F2A12306B0023948F /* AppDelegate.swift in Sources */ = {isa = PBXBuildFile; fileRef = 7E8DF56E2A12306B0023948F /* AppDelegate.swift */; };
		7E8DF5712A12306B0023948F /* SceneDelegate.swift in Sources */ = {isa = PBXBuildFile; fileRef = 7E8DF5702A12306B0023948F /* SceneDelegate.swift */; };
		7E8DF5782A12306E0023948F /* Assets.xcassets in Resources */ = {isa = PBXBuildFile; fileRef = 7E8DF5772A12306E0023948F /* Assets.xcassets */; };
		7E8DF57B2A12306E0023948F /* LaunchScreen.storyboard in Resources */ = {isa = PBXBuildFile; fileRef = 7E8DF5792A12306E0023948F /* LaunchScreen.storyboard */; };
		7E8DF5982A12385E0023948F /* Protocol.swift in Sources */ = {isa = PBXBuildFile; fileRef = 7E8DF5972A12385E0023948F /* Protocol.swift */; };
		7E8DF59A2A12386D0023948F /* API.swift in Sources */ = {isa = PBXBuildFile; fileRef = 7E8DF5992A12386D0023948F /* API.swift */; };
		7E8DF59C2A1238770023948F /* EndPoint.swift in Sources */ = {isa = PBXBuildFile; fileRef = 7E8DF59B2A1238770023948F /* EndPoint.swift */; };
		7E8DF59E2A12387E0023948F /* Service.swift in Sources */ = {isa = PBXBuildFile; fileRef = 7E8DF59D2A12387E0023948F /* Service.swift */; };
		7E8DF5A02A1238840023948F /* Models.swift in Sources */ = {isa = PBXBuildFile; fileRef = 7E8DF59F2A1238840023948F /* Models.swift */; };
		7E8DF5AA2A1238C50023948F /* UIComponent.swift in Sources */ = {isa = PBXBuildFile; fileRef = 7E8DF5A92A1238C50023948F /* UIComponent.swift */; };
		7E8DF5AC2A1238D40023948F /* Font.swift in Sources */ = {isa = PBXBuildFile; fileRef = 7E8DF5AB2A1238D40023948F /* Font.swift */; };
		7E8DF5AE2A1238F80023948F /* MainFeed.swift in Sources */ = {isa = PBXBuildFile; fileRef = 7E8DF5AD2A1238F80023948F /* MainFeed.swift */; };
		7E8DF5B42A1239100023948F /* DMList.swift in Sources */ = {isa = PBXBuildFile; fileRef = 7E8DF5B32A1239100023948F /* DMList.swift */; };
/* End PBXBuildFile section */

/* Begin PBXFileReference section */
		37C4BF052A1D3E86006FBFF6 /* SF-Pro-Text-Bold.ttf */ = {isa = PBXFileReference; lastKnownFileType = file; path = "SF-Pro-Text-Bold.ttf"; sourceTree = "<group>"; };
		37D49A6D2A17CE5C00FBCA0F /* UIStackView+.swift */ = {isa = PBXFileReference; lastKnownFileType = sourcecode.swift; path = "UIStackView+.swift"; sourceTree = "<group>"; };
		3E6CF4792A14F43500DC3B2B /* BaseViewController.swift */ = {isa = PBXFileReference; lastKnownFileType = sourcecode.swift; path = BaseViewController.swift; sourceTree = "<group>"; };
		3E6CF47B2A14F63700DC3B2B /* BaseTableViewCell.swift */ = {isa = PBXFileReference; lastKnownFileType = sourcecode.swift; path = BaseTableViewCell.swift; sourceTree = "<group>"; };
		3E6CF47D2A14F84500DC3B2B /* BaseCollectionViewCell.swift */ = {isa = PBXFileReference; lastKnownFileType = sourcecode.swift; path = BaseCollectionViewCell.swift; sourceTree = "<group>"; };
		3E6FFF5C2A1BBC1100166DCE /* StoryContentViewController.swift */ = {isa = PBXFileReference; lastKnownFileType = sourcecode.swift; path = StoryContentViewController.swift; sourceTree = "<group>"; };
		3E6FFF5E2A1BC43700166DCE /* CommonButton.swift */ = {isa = PBXFileReference; lastKnownFileType = sourcecode.swift; path = CommonButton.swift; sourceTree = "<group>"; };
		3E6FFF602A1BC8A600166DCE /* UITextField+.swift */ = {isa = PBXFileReference; lastKnownFileType = sourcecode.swift; path = "UITextField+.swift"; sourceTree = "<group>"; };
		3E6FFF622A1C5FA700166DCE /* StoryPageViewController.swift */ = {isa = PBXFileReference; lastKnownFileType = sourcecode.swift; path = StoryPageViewController.swift; sourceTree = "<group>"; };
		3E6FFF662A1D93F400166DCE /* Story.swift */ = {isa = PBXFileReference; lastKnownFileType = sourcecode.swift; path = Story.swift; sourceTree = "<group>"; };
		3E6FFF682A1D94A200166DCE /* UserWithStory.swift */ = {isa = PBXFileReference; lastKnownFileType = sourcecode.swift; path = UserWithStory.swift; sourceTree = "<group>"; };
		3E9683D72A162F5200D6DD30 /* AppleSDGothicNeoB.ttf */ = {isa = PBXFileReference; lastKnownFileType = file; path = AppleSDGothicNeoB.ttf; sourceTree = "<group>"; };
		3E9683D92A162F6400D6DD30 /* AppleSDGothicNeoM.ttf */ = {isa = PBXFileReference; lastKnownFileType = file; path = AppleSDGothicNeoM.ttf; sourceTree = "<group>"; };
		3E9683DB2A162F8E00D6DD30 /* AppleSDGothicNeoSB.ttf */ = {isa = PBXFileReference; lastKnownFileType = file; path = AppleSDGothicNeoSB.ttf; sourceTree = "<group>"; };
		3E9683DD2A16302B00D6DD30 /* SF-Pro-Text-Semibold.otf */ = {isa = PBXFileReference; lastKnownFileType = file; path = "SF-Pro-Text-Semibold.otf"; sourceTree = "<group>"; };
		3E9683DE2A16302B00D6DD30 /* SF-Pro-Text-Medium.otf */ = {isa = PBXFileReference; lastKnownFileType = file; path = "SF-Pro-Text-Medium.otf"; sourceTree = "<group>"; };
		3E9683DF2A16302B00D6DD30 /* SF-Pro-Text-Regular.otf */ = {isa = PBXFileReference; lastKnownFileType = file; path = "SF-Pro-Text-Regular.otf"; sourceTree = "<group>"; };
		3E9683E32A16319A00D6DD30 /* UIColor+.swift */ = {isa = PBXFileReference; lastKnownFileType = sourcecode.swift; path = "UIColor+.swift"; sourceTree = "<group>"; };
		3E9683E52A16392900D6DD30 /* ImageLiteral.swift */ = {isa = PBXFileReference; lastKnownFileType = sourcecode.swift; path = ImageLiteral.swift; sourceTree = "<group>"; };
		3E9683E72A16456500D6DD30 /* UIFont+.swift */ = {isa = PBXFileReference; lastKnownFileType = sourcecode.swift; path = "UIFont+.swift"; sourceTree = "<group>"; };
		3E9683EB2A1654CF00D6DD30 /* UIViewController+.swift */ = {isa = PBXFileReference; lastKnownFileType = sourcecode.swift; path = "UIViewController+.swift"; sourceTree = "<group>"; };
		3E9683ED2A16562700D6DD30 /* UIView+.swift */ = {isa = PBXFileReference; lastKnownFileType = sourcecode.swift; path = "UIView+.swift"; sourceTree = "<group>"; };
		3E9683EF2A1656A800D6DD30 /* SizeLiteral.swift */ = {isa = PBXFileReference; lastKnownFileType = sourcecode.swift; path = SizeLiteral.swift; sourceTree = "<group>"; };
		3EEE765E2A1678E800D0B80E /* UserProfileView.swift */ = {isa = PBXFileReference; lastKnownFileType = sourcecode.swift; path = UserProfileView.swift; sourceTree = "<group>"; };
		3EEE76602A1757D400D0B80E /* NewPostViewController.swift */ = {isa = PBXFileReference; lastKnownFileType = sourcecode.swift; path = NewPostViewController.swift; sourceTree = "<group>"; };
		3EEE76622A175ECD00D0B80E /* BottomMenuContentView.swift */ = {isa = PBXFileReference; lastKnownFileType = sourcecode.swift; path = BottomMenuContentView.swift; sourceTree = "<group>"; };
		3EEE76672A176C9100D0B80E /* NewPostImageCollectionViewCell.swift */ = {isa = PBXFileReference; lastKnownFileType = sourcecode.swift; path = NewPostImageCollectionViewCell.swift; sourceTree = "<group>"; };
		3EEE76692A17A2B900D0B80E /* BackButton.swift */ = {isa = PBXFileReference; lastKnownFileType = sourcecode.swift; path = BackButton.swift; sourceTree = "<group>"; };
		3EEE766E2A17B5D800D0B80E /* CollectionViewAddCellButton.swift */ = {isa = PBXFileReference; lastKnownFileType = sourcecode.swift; path = CollectionViewAddCellButton.swift; sourceTree = "<group>"; };
		7E8DF56B2A12306B0023948F /* Instagram-iOS.app */ = {isa = PBXFileReference; explicitFileType = wrapper.application; includeInIndex = 0; path = "Instagram-iOS.app"; sourceTree = BUILT_PRODUCTS_DIR; };
		7E8DF56E2A12306B0023948F /* AppDelegate.swift */ = {isa = PBXFileReference; lastKnownFileType = sourcecode.swift; path = AppDelegate.swift; sourceTree = "<group>"; };
		7E8DF5702A12306B0023948F /* SceneDelegate.swift */ = {isa = PBXFileReference; lastKnownFileType = sourcecode.swift; path = SceneDelegate.swift; sourceTree = "<group>"; };
		7E8DF5772A12306E0023948F /* Assets.xcassets */ = {isa = PBXFileReference; lastKnownFileType = folder.assetcatalog; path = Assets.xcassets; sourceTree = "<group>"; };
		7E8DF57A2A12306E0023948F /* Base */ = {isa = PBXFileReference; lastKnownFileType = file.storyboard; name = Base; path = Base.lproj/LaunchScreen.storyboard; sourceTree = "<group>"; };
		7E8DF57C2A12306E0023948F /* Info.plist */ = {isa = PBXFileReference; lastKnownFileType = text.plist.xml; path = Info.plist; sourceTree = "<group>"; };
		7E8DF5972A12385E0023948F /* Protocol.swift */ = {isa = PBXFileReference; lastKnownFileType = sourcecode.swift; path = Protocol.swift; sourceTree = "<group>"; };
		7E8DF5992A12386D0023948F /* API.swift */ = {isa = PBXFileReference; lastKnownFileType = sourcecode.swift; path = API.swift; sourceTree = "<group>"; };
		7E8DF59B2A1238770023948F /* EndPoint.swift */ = {isa = PBXFileReference; lastKnownFileType = sourcecode.swift; path = EndPoint.swift; sourceTree = "<group>"; };
		7E8DF59D2A12387E0023948F /* Service.swift */ = {isa = PBXFileReference; lastKnownFileType = sourcecode.swift; path = Service.swift; sourceTree = "<group>"; };
		7E8DF59F2A1238840023948F /* Models.swift */ = {isa = PBXFileReference; lastKnownFileType = sourcecode.swift; path = Models.swift; sourceTree = "<group>"; };
		7E8DF5A92A1238C50023948F /* UIComponent.swift */ = {isa = PBXFileReference; lastKnownFileType = sourcecode.swift; path = UIComponent.swift; sourceTree = "<group>"; };
		7E8DF5AB2A1238D40023948F /* Font.swift */ = {isa = PBXFileReference; lastKnownFileType = sourcecode.swift; path = Font.swift; sourceTree = "<group>"; };
		7E8DF5AD2A1238F80023948F /* MainFeed.swift */ = {isa = PBXFileReference; lastKnownFileType = sourcecode.swift; path = MainFeed.swift; sourceTree = "<group>"; };
		7E8DF5B32A1239100023948F /* DMList.swift */ = {isa = PBXFileReference; lastKnownFileType = sourcecode.swift; path = DMList.swift; sourceTree = "<group>"; };
/* End PBXFileReference section */

/* Begin PBXFrameworksBuildPhase section */
		7E8DF5682A12306B0023948F /* Frameworks */ = {
			isa = PBXFrameworksBuildPhase;
			buildActionMask = 2147483647;
			files = (
				3E9683D62A16180800D6DD30 /* Kingfisher in Frameworks */,
				3E9683D02A1617A800D6DD30 /* Alamofire in Frameworks */,
				3E9683D32A1617C800D6DD30 /* SnapKit in Frameworks */,
			);
			runOnlyForDeploymentPostprocessing = 0;
		};
/* End PBXFrameworksBuildPhase section */

/* Begin PBXGroup section */
		3EEE766B2A17AEC000D0B80E /* NewPostImageCollection */ = {
			isa = PBXGroup;
			children = (
				3EEE76602A1757D400D0B80E /* NewPostViewController.swift */,
				3EEE76672A176C9100D0B80E /* NewPostImageCollectionViewCell.swift */,
				3EEE766E2A17B5D800D0B80E /* CollectionViewAddCellButton.swift */,
			);
			path = NewPostImageCollection;
			sourceTree = "<group>";
		};
		7E8DF5622A12306B0023948F = {
			isa = PBXGroup;
			children = (
				7E8DF56D2A12306B0023948F /* Instagram-iOS */,
				7E8DF56C2A12306B0023948F /* Products */,
			);
			sourceTree = "<group>";
		};
		7E8DF56C2A12306B0023948F /* Products */ = {
			isa = PBXGroup;
			children = (
				7E8DF56B2A12306B0023948F /* Instagram-iOS.app */,
			);
			name = Products;
			sourceTree = "<group>";
		};
		7E8DF56D2A12306B0023948F /* Instagram-iOS */ = {
			isa = PBXGroup;
			children = (
				7E8DF5822A1236340023948F /* Network */,
				7E8DF5882A1236790023948F /* Global */,
				7E8DF5902A1236E70023948F /* Screens */,
			);
			path = "Instagram-iOS";
			sourceTree = "<group>";
		};
		7E8DF5822A1236340023948F /* Network */ = {
			isa = PBXGroup;
			children = (
				7E8DF5832A1236420023948F /* Protocol */,
				7E8DF5842A1236540023948F /* API */,
				7E8DF5852A12365A0023948F /* EndPoint */,
				7E8DF5862A1236640023948F /* Service */,
				7E8DF5872A12366B0023948F /* Models */,
			);
			path = Network;
			sourceTree = "<group>";
		};
		7E8DF5832A1236420023948F /* Protocol */ = {
			isa = PBXGroup;
			children = (
				7E8DF5972A12385E0023948F /* Protocol.swift */,
			);
			path = Protocol;
			sourceTree = "<group>";
		};
		7E8DF5842A1236540023948F /* API */ = {
			isa = PBXGroup;
			children = (
				7E8DF5992A12386D0023948F /* API.swift */,
			);
			path = API;
			sourceTree = "<group>";
		};
		7E8DF5852A12365A0023948F /* EndPoint */ = {
			isa = PBXGroup;
			children = (
				7E8DF59B2A1238770023948F /* EndPoint.swift */,
			);
			path = EndPoint;
			sourceTree = "<group>";
		};
		7E8DF5862A1236640023948F /* Service */ = {
			isa = PBXGroup;
			children = (
				7E8DF59D2A12387E0023948F /* Service.swift */,
			);
			path = Service;
			sourceTree = "<group>";
		};
		7E8DF5872A12366B0023948F /* Models */ = {
			isa = PBXGroup;
			children = (
				7E8DF59F2A1238840023948F /* Models.swift */,
				3E6FFF662A1D93F400166DCE /* Story.swift */,
				3E6FFF682A1D94A200166DCE /* UserWithStory.swift */,
			);
			path = Models;
			sourceTree = "<group>";
		};
		7E8DF5882A1236790023948F /* Global */ = {
			isa = PBXGroup;
			children = (
				7E8DF5892A1236830023948F /* Literal */,
				7E8DF58A2A1236890023948F /* Base */,
				7E8DF58B2A12368F0023948F /* Supports */,
				7E8DF58D2A1236C00023948F /* Extension */,
				7E8DF58E2A1236C70023948F /* UIComponent */,
				7E8DF58F2A1236D40023948F /* Resource */,
			);
			path = Global;
			sourceTree = "<group>";
		};
		7E8DF5892A1236830023948F /* Literal */ = {
			isa = PBXGroup;
			children = (
				3E9683E52A16392900D6DD30 /* ImageLiteral.swift */,
				3E9683EF2A1656A800D6DD30 /* SizeLiteral.swift */,
			);
			path = Literal;
			sourceTree = "<group>";
		};
		7E8DF58A2A1236890023948F /* Base */ = {
			isa = PBXGroup;
			children = (
				3E6CF4792A14F43500DC3B2B /* BaseViewController.swift */,
				3E6CF47B2A14F63700DC3B2B /* BaseTableViewCell.swift */,
				3E6CF47D2A14F84500DC3B2B /* BaseCollectionViewCell.swift */,
			);
			path = Base;
			sourceTree = "<group>";
		};
		7E8DF58B2A12368F0023948F /* Supports */ = {
			isa = PBXGroup;
			children = (
				7E8DF5702A12306B0023948F /* SceneDelegate.swift */,
				7E8DF56E2A12306B0023948F /* AppDelegate.swift */,
				7E8DF57C2A12306E0023948F /* Info.plist */,
			);
			path = Supports;
			sourceTree = "<group>";
		};
		7E8DF58D2A1236C00023948F /* Extension */ = {
			isa = PBXGroup;
			children = (
				3E9683E32A16319A00D6DD30 /* UIColor+.swift */,
				3E9683E72A16456500D6DD30 /* UIFont+.swift */,
				3E6FFF602A1BC8A600166DCE /* UITextField+.swift */,
				37D49A6D2A17CE5C00FBCA0F /* UIStackView+.swift */,
				3E9683EB2A1654CF00D6DD30 /* UIViewController+.swift */,
				3E9683ED2A16562700D6DD30 /* UIView+.swift */,
			);
			path = Extension;
			sourceTree = "<group>";
		};
		7E8DF58E2A1236C70023948F /* UIComponent */ = {
			isa = PBXGroup;
			children = (
				3EEE765E2A1678E800D0B80E /* UserProfileView.swift */,
				7E8DF5A92A1238C50023948F /* UIComponent.swift */,
				3E6FFF5E2A1BC43700166DCE /* CommonButton.swift */,
				3EEE76692A17A2B900D0B80E /* BackButton.swift */,
			);
			path = UIComponent;
			sourceTree = "<group>";
		};
		7E8DF58F2A1236D40023948F /* Resource */ = {
			isa = PBXGroup;
			children = (
				7E8DF5772A12306E0023948F /* Assets.xcassets */,
				7E8DF5952A1237C90023948F /* Font */,
				7E8DF5792A12306E0023948F /* LaunchScreen.storyboard */,
			);
			path = Resource;
			sourceTree = "<group>";
		};
		7E8DF5902A1236E70023948F /* Screens */ = {
			isa = PBXGroup;
			children = (
				7E8DF5912A1236F30023948F /* MainFeed */,
				7E8DF5922A1236FC0023948F /* Story */,
				7E8DF5932A1237040023948F /* NewPost */,
				7E8DF5942A1237120023948F /* DMList */,
			);
			path = Screens;
			sourceTree = "<group>";
		};
		7E8DF5912A1236F30023948F /* MainFeed */ = {
			isa = PBXGroup;
			children = (
				7E8DF5AD2A1238F80023948F /* MainFeed.swift */,
			);
			path = MainFeed;
			sourceTree = "<group>";
		};
		7E8DF5922A1236FC0023948F /* Story */ = {
			isa = PBXGroup;
			children = (
				3E6FFF5C2A1BBC1100166DCE /* StoryContentViewController.swift */,
				3E6FFF622A1C5FA700166DCE /* StoryPageViewController.swift */,
			);
			path = Story;
			sourceTree = "<group>";
		};
		7E8DF5932A1237040023948F /* NewPost */ = {
			isa = PBXGroup;
			children = (
				3EEE766B2A17AEC000D0B80E /* NewPostImageCollection */,
				3EEE76622A175ECD00D0B80E /* BottomMenuContentView.swift */,
			);
			path = NewPost;
			sourceTree = "<group>";
		};
		7E8DF5942A1237120023948F /* DMList */ = {
			isa = PBXGroup;
			children = (
				7E8DF5B32A1239100023948F /* DMList.swift */,
			);
			path = DMList;
			sourceTree = "<group>";
		};
		7E8DF5952A1237C90023948F /* Font */ = {
			isa = PBXGroup;
			children = (
				3E9683DE2A16302B00D6DD30 /* SF-Pro-Text-Medium.otf */,
				3E9683DF2A16302B00D6DD30 /* SF-Pro-Text-Regular.otf */,
				3E9683DD2A16302B00D6DD30 /* SF-Pro-Text-Semibold.otf */,
				37C4BF052A1D3E86006FBFF6 /* SF-Pro-Text-Bold.ttf */,
				3E9683D72A162F5200D6DD30 /* AppleSDGothicNeoB.ttf */,
				3E9683DB2A162F8E00D6DD30 /* AppleSDGothicNeoSB.ttf */,
				3E9683D92A162F6400D6DD30 /* AppleSDGothicNeoM.ttf */,
				7E8DF5AB2A1238D40023948F /* Font.swift */,
			);
			path = Font;
			sourceTree = "<group>";
		};
/* End PBXGroup section */

/* Begin PBXNativeTarget section */
		7E8DF56A2A12306B0023948F /* Instagram-iOS */ = {
			isa = PBXNativeTarget;
			buildConfigurationList = 7E8DF57F2A12306E0023948F /* Build configuration list for PBXNativeTarget "Instagram-iOS" */;
			buildPhases = (
				7E8DF5672A12306B0023948F /* Sources */,
				7E8DF5682A12306B0023948F /* Frameworks */,
				7E8DF5692A12306B0023948F /* Resources */,
			);
			buildRules = (
			);
			dependencies = (
			);
			name = "Instagram-iOS";
			packageProductDependencies = (
				3E9683CF2A1617A800D6DD30 /* Alamofire */,
				3E9683D22A1617C800D6DD30 /* SnapKit */,
				3E9683D52A16180800D6DD30 /* Kingfisher */,
			);
			productName = "Instagram-iOS";
			productReference = 7E8DF56B2A12306B0023948F /* Instagram-iOS.app */;
			productType = "com.apple.product-type.application";
		};
/* End PBXNativeTarget section */

/* Begin PBXProject section */
		7E8DF5632A12306B0023948F /* Project object */ = {
			isa = PBXProject;
			attributes = {
				BuildIndependentTargetsInParallel = 1;
				LastSwiftUpdateCheck = 1430;
				LastUpgradeCheck = 1430;
				TargetAttributes = {
					7E8DF56A2A12306B0023948F = {
						CreatedOnToolsVersion = 14.3;
					};
				};
			};
			buildConfigurationList = 7E8DF5662A12306B0023948F /* Build configuration list for PBXProject "Instagram-iOS" */;
			compatibilityVersion = "Xcode 14.0";
			developmentRegion = en;
			hasScannedForEncodings = 0;
			knownRegions = (
				en,
				Base,
			);
			mainGroup = 7E8DF5622A12306B0023948F;
			packageReferences = (
				3E9683CE2A1617A800D6DD30 /* XCRemoteSwiftPackageReference "Alamofire" */,
				3E9683D12A1617C800D6DD30 /* XCRemoteSwiftPackageReference "SnapKit" */,
				3E9683D42A16180800D6DD30 /* XCRemoteSwiftPackageReference "Kingfisher" */,
			);
			productRefGroup = 7E8DF56C2A12306B0023948F /* Products */;
			projectDirPath = "";
			projectRoot = "";
			targets = (
				7E8DF56A2A12306B0023948F /* Instagram-iOS */,
			);
		};
/* End PBXProject section */

/* Begin PBXResourcesBuildPhase section */
		7E8DF5692A12306B0023948F /* Resources */ = {
			isa = PBXResourcesBuildPhase;
			buildActionMask = 2147483647;
			files = (
				3E9683E02A16302B00D6DD30 /* SF-Pro-Text-Semibold.otf in Resources */,
				3E9683DC2A162F8E00D6DD30 /* AppleSDGothicNeoSB.ttf in Resources */,
				7E8DF57B2A12306E0023948F /* LaunchScreen.storyboard in Resources */,
				37C4BF062A1D3E86006FBFF6 /* SF-Pro-Text-Bold.ttf in Resources */,
				7E8DF5782A12306E0023948F /* Assets.xcassets in Resources */,
				3E9683D82A162F5200D6DD30 /* AppleSDGothicNeoB.ttf in Resources */,
				3E9683E12A16302B00D6DD30 /* SF-Pro-Text-Medium.otf in Resources */,
				3E9683E22A16302B00D6DD30 /* SF-Pro-Text-Regular.otf in Resources */,
				3E9683DA2A162F6400D6DD30 /* AppleSDGothicNeoM.ttf in Resources */,
			);
			runOnlyForDeploymentPostprocessing = 0;
		};
/* End PBXResourcesBuildPhase section */

/* Begin PBXSourcesBuildPhase section */
		7E8DF5672A12306B0023948F /* Sources */ = {
			isa = PBXSourcesBuildPhase;
			buildActionMask = 2147483647;
			files = (
				7E8DF5B42A1239100023948F /* DMList.swift in Sources */,
				3EEE766F2A17B5D800D0B80E /* CollectionViewAddCellButton.swift in Sources */,
				7E8DF59C2A1238770023948F /* EndPoint.swift in Sources */,
				7E8DF59E2A12387E0023948F /* Service.swift in Sources */,
				3E6FFF672A1D93F400166DCE /* Story.swift in Sources */,
				3E6CF47C2A14F63700DC3B2B /* BaseTableViewCell.swift in Sources */,
				3E9683F02A1656A800D6DD30 /* SizeLiteral.swift in Sources */,
				3E6FFF5D2A1BBC1100166DCE /* StoryContentViewController.swift in Sources */,
				3E9683EE2A16562700D6DD30 /* UIView+.swift in Sources */,
				7E8DF5AE2A1238F80023948F /* MainFeed.swift in Sources */,
				3E6FFF632A1C5FA700166DCE /* StoryPageViewController.swift in Sources */,
				3EEE765F2A1678E800D0B80E /* UserProfileView.swift in Sources */,
				3E6CF47A2A14F43500DC3B2B /* BaseViewController.swift in Sources */,
				3E9683E42A16319A00D6DD30 /* UIColor+.swift in Sources */,
				3E9683E62A16392900D6DD30 /* ImageLiteral.swift in Sources */,
				3EEE76682A176C9100D0B80E /* NewPostImageCollectionViewCell.swift in Sources */,
				7E8DF5A02A1238840023948F /* Models.swift in Sources */,
				3E6CF47E2A14F84500DC3B2B /* BaseCollectionViewCell.swift in Sources */,
				3E9683E82A16456500D6DD30 /* UIFont+.swift in Sources */,
				3EEE76632A175ECD00D0B80E /* BottomMenuContentView.swift in Sources */,
				7E8DF5AA2A1238C50023948F /* UIComponent.swift in Sources */,
				7E8DF56F2A12306B0023948F /* AppDelegate.swift in Sources */,
				7E8DF5AC2A1238D40023948F /* Font.swift in Sources */,
				7E8DF5712A12306B0023948F /* SceneDelegate.swift in Sources */,
				7E8DF5982A12385E0023948F /* Protocol.swift in Sources */,
				7E8DF59A2A12386D0023948F /* API.swift in Sources */,
				3E9683EC2A1654CF00D6DD30 /* UIViewController+.swift in Sources */,
				3E6FFF612A1BC8A600166DCE /* UITextField+.swift in Sources */,
				3E6FFF5F2A1BC43700166DCE /* CommonButton.swift in Sources */,
				3EEE76612A1757D400D0B80E /* NewPostViewController.swift in Sources */,
				3E6FFF692A1D94A200166DCE /* UserWithStory.swift in Sources */,
				3EEE766A2A17A2B900D0B80E /* BackButton.swift in Sources */,
			);
			runOnlyForDeploymentPostprocessing = 0;
		};
/* End PBXSourcesBuildPhase section */

/* Begin PBXVariantGroup section */
		7E8DF5792A12306E0023948F /* LaunchScreen.storyboard */ = {
			isa = PBXVariantGroup;
			children = (
				7E8DF57A2A12306E0023948F /* Base */,
			);
			name = LaunchScreen.storyboard;
			sourceTree = "<group>";
		};
/* End PBXVariantGroup section */

/* Begin XCBuildConfiguration section */
		7E8DF57D2A12306E0023948F /* Debug */ = {
			isa = XCBuildConfiguration;
			buildSettings = {
				ALWAYS_SEARCH_USER_PATHS = NO;
				CLANG_ANALYZER_NONNULL = YES;
				CLANG_ANALYZER_NUMBER_OBJECT_CONVERSION = YES_AGGRESSIVE;
				CLANG_CXX_LANGUAGE_STANDARD = "gnu++20";
				CLANG_ENABLE_MODULES = YES;
				CLANG_ENABLE_OBJC_ARC = YES;
				CLANG_ENABLE_OBJC_WEAK = YES;
				CLANG_WARN_BLOCK_CAPTURE_AUTORELEASING = YES;
				CLANG_WARN_BOOL_CONVERSION = YES;
				CLANG_WARN_COMMA = YES;
				CLANG_WARN_CONSTANT_CONVERSION = YES;
				CLANG_WARN_DEPRECATED_OBJC_IMPLEMENTATIONS = YES;
				CLANG_WARN_DIRECT_OBJC_ISA_USAGE = YES_ERROR;
				CLANG_WARN_DOCUMENTATION_COMMENTS = YES;
				CLANG_WARN_EMPTY_BODY = YES;
				CLANG_WARN_ENUM_CONVERSION = YES;
				CLANG_WARN_INFINITE_RECURSION = YES;
				CLANG_WARN_INT_CONVERSION = YES;
				CLANG_WARN_NON_LITERAL_NULL_CONVERSION = YES;
				CLANG_WARN_OBJC_IMPLICIT_RETAIN_SELF = YES;
				CLANG_WARN_OBJC_LITERAL_CONVERSION = YES;
				CLANG_WARN_OBJC_ROOT_CLASS = YES_ERROR;
				CLANG_WARN_QUOTED_INCLUDE_IN_FRAMEWORK_HEADER = YES;
				CLANG_WARN_RANGE_LOOP_ANALYSIS = YES;
				CLANG_WARN_STRICT_PROTOTYPES = YES;
				CLANG_WARN_SUSPICIOUS_MOVE = YES;
				CLANG_WARN_UNGUARDED_AVAILABILITY = YES_AGGRESSIVE;
				CLANG_WARN_UNREACHABLE_CODE = YES;
				CLANG_WARN__DUPLICATE_METHOD_MATCH = YES;
				COPY_PHASE_STRIP = NO;
				DEBUG_INFORMATION_FORMAT = dwarf;
				ENABLE_STRICT_OBJC_MSGSEND = YES;
				ENABLE_TESTABILITY = YES;
				GCC_C_LANGUAGE_STANDARD = gnu11;
				GCC_DYNAMIC_NO_PIC = NO;
				GCC_NO_COMMON_BLOCKS = YES;
				GCC_OPTIMIZATION_LEVEL = 0;
				GCC_PREPROCESSOR_DEFINITIONS = (
					"DEBUG=1",
					"$(inherited)",
				);
				GCC_WARN_64_TO_32_BIT_CONVERSION = YES;
				GCC_WARN_ABOUT_RETURN_TYPE = YES_ERROR;
				GCC_WARN_UNDECLARED_SELECTOR = YES;
				GCC_WARN_UNINITIALIZED_AUTOS = YES_AGGRESSIVE;
				GCC_WARN_UNUSED_FUNCTION = YES;
				GCC_WARN_UNUSED_VARIABLE = YES;
				IPHONEOS_DEPLOYMENT_TARGET = 16.4;
				MTL_ENABLE_DEBUG_INFO = INCLUDE_SOURCE;
				MTL_FAST_MATH = YES;
				ONLY_ACTIVE_ARCH = YES;
				SDKROOT = iphoneos;
				SWIFT_ACTIVE_COMPILATION_CONDITIONS = DEBUG;
				SWIFT_OPTIMIZATION_LEVEL = "-Onone";
			};
			name = Debug;
		};
		7E8DF57E2A12306E0023948F /* Release */ = {
			isa = XCBuildConfiguration;
			buildSettings = {
				ALWAYS_SEARCH_USER_PATHS = NO;
				CLANG_ANALYZER_NONNULL = YES;
				CLANG_ANALYZER_NUMBER_OBJECT_CONVERSION = YES_AGGRESSIVE;
				CLANG_CXX_LANGUAGE_STANDARD = "gnu++20";
				CLANG_ENABLE_MODULES = YES;
				CLANG_ENABLE_OBJC_ARC = YES;
				CLANG_ENABLE_OBJC_WEAK = YES;
				CLANG_WARN_BLOCK_CAPTURE_AUTORELEASING = YES;
				CLANG_WARN_BOOL_CONVERSION = YES;
				CLANG_WARN_COMMA = YES;
				CLANG_WARN_CONSTANT_CONVERSION = YES;
				CLANG_WARN_DEPRECATED_OBJC_IMPLEMENTATIONS = YES;
				CLANG_WARN_DIRECT_OBJC_ISA_USAGE = YES_ERROR;
				CLANG_WARN_DOCUMENTATION_COMMENTS = YES;
				CLANG_WARN_EMPTY_BODY = YES;
				CLANG_WARN_ENUM_CONVERSION = YES;
				CLANG_WARN_INFINITE_RECURSION = YES;
				CLANG_WARN_INT_CONVERSION = YES;
				CLANG_WARN_NON_LITERAL_NULL_CONVERSION = YES;
				CLANG_WARN_OBJC_IMPLICIT_RETAIN_SELF = YES;
				CLANG_WARN_OBJC_LITERAL_CONVERSION = YES;
				CLANG_WARN_OBJC_ROOT_CLASS = YES_ERROR;
				CLANG_WARN_QUOTED_INCLUDE_IN_FRAMEWORK_HEADER = YES;
				CLANG_WARN_RANGE_LOOP_ANALYSIS = YES;
				CLANG_WARN_STRICT_PROTOTYPES = YES;
				CLANG_WARN_SUSPICIOUS_MOVE = YES;
				CLANG_WARN_UNGUARDED_AVAILABILITY = YES_AGGRESSIVE;
				CLANG_WARN_UNREACHABLE_CODE = YES;
				CLANG_WARN__DUPLICATE_METHOD_MATCH = YES;
				COPY_PHASE_STRIP = NO;
				DEBUG_INFORMATION_FORMAT = "dwarf-with-dsym";
				ENABLE_NS_ASSERTIONS = NO;
				ENABLE_STRICT_OBJC_MSGSEND = YES;
				GCC_C_LANGUAGE_STANDARD = gnu11;
				GCC_NO_COMMON_BLOCKS = YES;
				GCC_WARN_64_TO_32_BIT_CONVERSION = YES;
				GCC_WARN_ABOUT_RETURN_TYPE = YES_ERROR;
				GCC_WARN_UNDECLARED_SELECTOR = YES;
				GCC_WARN_UNINITIALIZED_AUTOS = YES_AGGRESSIVE;
				GCC_WARN_UNUSED_FUNCTION = YES;
				GCC_WARN_UNUSED_VARIABLE = YES;
				IPHONEOS_DEPLOYMENT_TARGET = 16.4;
				MTL_ENABLE_DEBUG_INFO = NO;
				MTL_FAST_MATH = YES;
				SDKROOT = iphoneos;
				SWIFT_COMPILATION_MODE = wholemodule;
				SWIFT_OPTIMIZATION_LEVEL = "-O";
				VALIDATE_PRODUCT = YES;
			};
			name = Release;
		};
		7E8DF5802A12306E0023948F /* Debug */ = {
			isa = XCBuildConfiguration;
			buildSettings = {
				ASSETCATALOG_COMPILER_APPICON_NAME = AppIcon;
				ASSETCATALOG_COMPILER_GLOBAL_ACCENT_COLOR_NAME = AccentColor;
				CODE_SIGN_STYLE = Automatic;
				CURRENT_PROJECT_VERSION = 1;
				DEVELOPMENT_TEAM = S9G6YGQ76H;
				GENERATE_INFOPLIST_FILE = YES;
				INFOPLIST_FILE = "Instagram-iOS/Global/Supports/Info.plist";
				INFOPLIST_KEY_UIApplicationSupportsIndirectInputEvents = YES;
				INFOPLIST_KEY_UILaunchStoryboardName = LaunchScreen;
				INFOPLIST_KEY_UIStatusBarStyle = "";
				INFOPLIST_KEY_UISupportedInterfaceOrientations_iPad = "UIInterfaceOrientationPortrait UIInterfaceOrientationPortraitUpsideDown UIInterfaceOrientationLandscapeLeft UIInterfaceOrientationLandscapeRight";
				INFOPLIST_KEY_UISupportedInterfaceOrientations_iPhone = "UIInterfaceOrientationPortrait UIInterfaceOrientationLandscapeLeft UIInterfaceOrientationLandscapeRight";
				IPHONEOS_DEPLOYMENT_TARGET = 14.0;
				LD_RUNPATH_SEARCH_PATHS = (
					"$(inherited)",
					"@executable_path/Frameworks",
				);
				MARKETING_VERSION = 1.0;
				PRODUCT_BUNDLE_IDENTIFIER = "com.Instagram-iOS";
				PRODUCT_NAME = "$(TARGET_NAME)";
				SWIFT_EMIT_LOC_STRINGS = YES;
				SWIFT_VERSION = 5.0;
				TARGETED_DEVICE_FAMILY = "1,2";
			};
			name = Debug;
		};
		7E8DF5812A12306E0023948F /* Release */ = {
			isa = XCBuildConfiguration;
			buildSettings = {
				ASSETCATALOG_COMPILER_APPICON_NAME = AppIcon;
				ASSETCATALOG_COMPILER_GLOBAL_ACCENT_COLOR_NAME = AccentColor;
				CODE_SIGN_STYLE = Automatic;
				CURRENT_PROJECT_VERSION = 1;
				DEVELOPMENT_TEAM = S9G6YGQ76H;
				GENERATE_INFOPLIST_FILE = YES;
				INFOPLIST_FILE = "Instagram-iOS/Global/Supports/Info.plist";
				INFOPLIST_KEY_UIApplicationSupportsIndirectInputEvents = YES;
				INFOPLIST_KEY_UILaunchStoryboardName = LaunchScreen;
				INFOPLIST_KEY_UIStatusBarStyle = "";
				INFOPLIST_KEY_UISupportedInterfaceOrientations_iPad = "UIInterfaceOrientationPortrait UIInterfaceOrientationPortraitUpsideDown UIInterfaceOrientationLandscapeLeft UIInterfaceOrientationLandscapeRight";
				INFOPLIST_KEY_UISupportedInterfaceOrientations_iPhone = "UIInterfaceOrientationPortrait UIInterfaceOrientationLandscapeLeft UIInterfaceOrientationLandscapeRight";
				IPHONEOS_DEPLOYMENT_TARGET = 14.0;
				LD_RUNPATH_SEARCH_PATHS = (
					"$(inherited)",
					"@executable_path/Frameworks",
				);
				MARKETING_VERSION = 1.0;
				PRODUCT_BUNDLE_IDENTIFIER = "com.Instagram-iOS";
				PRODUCT_NAME = "$(TARGET_NAME)";
				SWIFT_EMIT_LOC_STRINGS = YES;
				SWIFT_VERSION = 5.0;
				TARGETED_DEVICE_FAMILY = "1,2";
			};
			name = Release;
		};
/* End XCBuildConfiguration section */

/* Begin XCConfigurationList section */
		7E8DF5662A12306B0023948F /* Build configuration list for PBXProject "Instagram-iOS" */ = {
			isa = XCConfigurationList;
			buildConfigurations = (
				7E8DF57D2A12306E0023948F /* Debug */,
				7E8DF57E2A12306E0023948F /* Release */,
			);
			defaultConfigurationIsVisible = 0;
			defaultConfigurationName = Release;
		};
		7E8DF57F2A12306E0023948F /* Build configuration list for PBXNativeTarget "Instagram-iOS" */ = {
			isa = XCConfigurationList;
			buildConfigurations = (
				7E8DF5802A12306E0023948F /* Debug */,
				7E8DF5812A12306E0023948F /* Release */,
			);
			defaultConfigurationIsVisible = 0;
			defaultConfigurationName = Release;
		};
/* End XCConfigurationList section */

/* Begin XCRemoteSwiftPackageReference section */
		3E9683CE2A1617A800D6DD30 /* XCRemoteSwiftPackageReference "Alamofire" */ = {
			isa = XCRemoteSwiftPackageReference;
			repositoryURL = "https://github.com/Alamofire/Alamofire";
			requirement = {
				kind = upToNextMajorVersion;
				minimumVersion = 5.0.0;
			};
		};
		3E9683D12A1617C800D6DD30 /* XCRemoteSwiftPackageReference "SnapKit" */ = {
			isa = XCRemoteSwiftPackageReference;
			repositoryURL = "https://github.com/SnapKit/SnapKit";
			requirement = {
				kind = upToNextMajorVersion;
				minimumVersion = 5.0.0;
			};
		};
		3E9683D42A16180800D6DD30 /* XCRemoteSwiftPackageReference "Kingfisher" */ = {
			isa = XCRemoteSwiftPackageReference;
			repositoryURL = "https://github.com/onevcat/Kingfisher";
			requirement = {
				kind = upToNextMajorVersion;
				minimumVersion = 7.0.0;
			};
		};
/* End XCRemoteSwiftPackageReference section */

/* Begin XCSwiftPackageProductDependency section */
		3E9683CF2A1617A800D6DD30 /* Alamofire */ = {
			isa = XCSwiftPackageProductDependency;
			package = 3E9683CE2A1617A800D6DD30 /* XCRemoteSwiftPackageReference "Alamofire" */;
			productName = Alamofire;
		};
		3E9683D22A1617C800D6DD30 /* SnapKit */ = {
			isa = XCSwiftPackageProductDependency;
			package = 3E9683D12A1617C800D6DD30 /* XCRemoteSwiftPackageReference "SnapKit" */;
			productName = SnapKit;
		};
		3E9683D52A16180800D6DD30 /* Kingfisher */ = {
			isa = XCSwiftPackageProductDependency;
			package = 3E9683D42A16180800D6DD30 /* XCRemoteSwiftPackageReference "Kingfisher" */;
			productName = Kingfisher;
		};
/* End XCSwiftPackageProductDependency section */
	};
	rootObject = 7E8DF5632A12306B0023948F /* Project object */;
}
